
Microsoft Visual Studio Solution File, Format Version 12.00
# Visual Studio Version 17
VisualStudioVersion = 17.11.35312.102
MinimumVisualStudioVersion = 10.0.40219.1
Project("{FAE04EC0-301F-11D3-BF4B-00C04F79EFBC}") = "Natal.ConsoleApp1", "Natal.ConsoleApp1\Natal.ConsoleApp1.csproj", "{7FFDA090-324F-4AD8-8FBC-AB750042CAAC}"
EndProject
Global
	GlobalSection(SolutionConfigurationPlatforms) = preSolution
		Debug|Any CPU = Debug|Any CPU
		Release|Any CPU = Release|Any CPU
	EndGlobalSection
	GlobalSection(ProjectConfigurationPlatforms) = postSolution
		{7FFDA090-324F-4AD8-8FBC-AB750042CAAC}.Debug|Any CPU.ActiveCfg = Debug|Any CPU
		{7FFDA090-324F-4AD8-8FBC-AB750042CAAC}.Debug|Any CPU.Build.0 = Debug|Any CPU
		{7FFDA090-324F-4AD8-8FBC-AB750042CAAC}.Release|Any CPU.ActiveCfg = Release|Any CPU
		{7FFDA090-324F-4AD8-8FBC-AB750042CAAC}.Release|Any CPU.Build.0 = Release|Any CPU
	EndGlobalSection
	GlobalSection(SolutionProperties) = preSolution
		HideSolutionNode = FALSE
	EndGlobalSection
	GlobalSection(ExtensibilityGlobals) = postSolution
		SolutionGuid = {772FD10F-DD49-42FA-B626-517838CE5E46}
	EndGlobalSection
EndGlobal
